
Microsoft Visual Studio Solution File, Format Version 12.00
# Visual Studio Version 17
VisualStudioVersion = 17.4.32912.340
MinimumVisualStudioVersion = 10.0.40219.1
Project("{FAE04EC0-301F-11D3-BF4B-00C04F79EFBC}") = "OpenFibu.API", "src\OpenFibu.API\OpenFibu.API.csproj", "{47C7466E-5E44-4B5E-A80D-18302610FEBA}"
EndProject
Project("{FAE04EC0-301F-11D3-BF4B-00C04F79EFBC}") = "OpenFibu.Domain", "src\OpenFibu.Domain\OpenFibu.Domain.csproj", "{0982CE11-B7CC-408C-90A6-8810158A304B}"
EndProject
Project("{FAE04EC0-301F-11D3-BF4B-00C04F79EFBC}") = "OpenFibu.Application", "src\OpenFibu.Application\OpenFibu.Application.csproj", "{844FDA3B-B18C-4FDE-A748-1847F6C73EEB}"
EndProject
Project("{FAE04EC0-301F-11D3-BF4B-00C04F79EFBC}") = "OpenFibu.Shared", "src\OpenFibu.Shared\OpenFibu.Shared.csproj", "{D488E6C2-8703-4B3E-8C33-04521612EE10}"
EndProject
Project("{FAE04EC0-301F-11D3-BF4B-00C04F79EFBC}") = "OpenFibu.Data", "src\OpenFibu.Data\OpenFibu.Data.csproj", "{75926536-9B51-48C4-B7C0-B83B87E428EA}"
EndProject
Project("{FAE04EC0-301F-11D3-BF4B-00C04F79EFBC}") = "OpenFibu.Wpf", "src\OpenFibu.Wpf\OpenFibu.Wpf.csproj", "{F693E722-F948-4F14-8BD6-3330F779D7FB}"
EndProject
Project("{FAE04EC0-301F-11D3-BF4B-00C04F79EFBC}") = "OpenFibu.API.Test", "test\OpenFibu.API.Test\OpenFibu.API.Test.csproj", "{689B85D8-209C-4E8D-9DC6-F9DEC734D197}"
EndProject
Global
	GlobalSection(SolutionConfigurationPlatforms) = preSolution
		Debug|Any CPU = Debug|Any CPU
		Release|Any CPU = Release|Any CPU
	EndGlobalSection
	GlobalSection(ProjectConfigurationPlatforms) = postSolution
		{47C7466E-5E44-4B5E-A80D-18302610FEBA}.Debug|Any CPU.ActiveCfg = Debug|Any CPU
		{47C7466E-5E44-4B5E-A80D-18302610FEBA}.Debug|Any CPU.Build.0 = Debug|Any CPU
		{47C7466E-5E44-4B5E-A80D-18302610FEBA}.Release|Any CPU.ActiveCfg = Release|Any CPU
		{47C7466E-5E44-4B5E-A80D-18302610FEBA}.Release|Any CPU.Build.0 = Release|Any CPU
		{0982CE11-B7CC-408C-90A6-8810158A304B}.Debug|Any CPU.ActiveCfg = Debug|Any CPU
		{0982CE11-B7CC-408C-90A6-8810158A304B}.Debug|Any CPU.Build.0 = Debug|Any CPU
		{0982CE11-B7CC-408C-90A6-8810158A304B}.Release|Any CPU.ActiveCfg = Release|Any CPU
		{0982CE11-B7CC-408C-90A6-8810158A304B}.Release|Any CPU.Build.0 = Release|Any CPU
		{844FDA3B-B18C-4FDE-A748-1847F6C73EEB}.Debug|Any CPU.ActiveCfg = Debug|Any CPU
		{844FDA3B-B18C-4FDE-A748-1847F6C73EEB}.Debug|Any CPU.Build.0 = Debug|Any CPU
		{844FDA3B-B18C-4FDE-A748-1847F6C73EEB}.Release|Any CPU.ActiveCfg = Release|Any CPU
		{844FDA3B-B18C-4FDE-A748-1847F6C73EEB}.Release|Any CPU.Build.0 = Release|Any CPU
		{D488E6C2-8703-4B3E-8C33-04521612EE10}.Debug|Any CPU.ActiveCfg = Debug|Any CPU
		{D488E6C2-8703-4B3E-8C33-04521612EE10}.Debug|Any CPU.Build.0 = Debug|Any CPU
		{D488E6C2-8703-4B3E-8C33-04521612EE10}.Release|Any CPU.ActiveCfg = Release|Any CPU
		{D488E6C2-8703-4B3E-8C33-04521612EE10}.Release|Any CPU.Build.0 = Release|Any CPU
		{75926536-9B51-48C4-B7C0-B83B87E428EA}.Debug|Any CPU.ActiveCfg = Debug|Any CPU
		{75926536-9B51-48C4-B7C0-B83B87E428EA}.Debug|Any CPU.Build.0 = Debug|Any CPU
		{75926536-9B51-48C4-B7C0-B83B87E428EA}.Release|Any CPU.ActiveCfg = Release|Any CPU
		{75926536-9B51-48C4-B7C0-B83B87E428EA}.Release|Any CPU.Build.0 = Release|Any CPU
		{F693E722-F948-4F14-8BD6-3330F779D7FB}.Debug|Any CPU.ActiveCfg = Debug|Any CPU
		{F693E722-F948-4F14-8BD6-3330F779D7FB}.Debug|Any CPU.Build.0 = Debug|Any CPU
		{F693E722-F948-4F14-8BD6-3330F779D7FB}.Release|Any CPU.ActiveCfg = Release|Any CPU
		{F693E722-F948-4F14-8BD6-3330F779D7FB}.Release|Any CPU.Build.0 = Release|Any CPU
		{689B85D8-209C-4E8D-9DC6-F9DEC734D197}.Debug|Any CPU.ActiveCfg = Debug|Any CPU
		{689B85D8-209C-4E8D-9DC6-F9DEC734D197}.Debug|Any CPU.Build.0 = Debug|Any CPU
		{689B85D8-209C-4E8D-9DC6-F9DEC734D197}.Release|Any CPU.ActiveCfg = Release|Any CPU
		{689B85D8-209C-4E8D-9DC6-F9DEC734D197}.Release|Any CPU.Build.0 = Release|Any CPU
	EndGlobalSection
	GlobalSection(SolutionProperties) = preSolution
		HideSolutionNode = FALSE
	EndGlobalSection
	GlobalSection(ExtensibilityGlobals) = postSolution
		SolutionGuid = {2CAFA980-492D-48B4-9542-A1F5E6E33122}
	EndGlobalSection
	GlobalSection(NestedProjects) = preSolution
	EndGlobalSection
EndGlobal
